[[package]]
name = "atomicwrites"
version = "1.4.0"
description = "Atomic file writes."
category = "main"
optional = false
python-versions = ">=2.7, !=3.0.*, !=3.1.*, !=3.2.*, !=3.3.*"

[[package]]
name = "attrs"
version = "20.3.0"
description = "Classes Without Boilerplate"
category = "main"
optional = false
python-versions = ">=2.7, !=3.0.*, !=3.1.*, !=3.2.*, !=3.3.*"

[package.extras]
dev = ["coverage[toml] (>=5.0.2)", "hypothesis", "pympler", "pytest (>=4.3.0)", "six", "zope.interface", "furo", "sphinx", "pre-commit"]
docs = ["furo", "sphinx", "zope.interface"]
tests = ["coverage[toml] (>=5.0.2)", "hypothesis", "pympler", "pytest (>=4.3.0)", "six", "zope.interface"]
tests_no_zope = ["coverage[toml] (>=5.0.2)", "hypothesis", "pympler", "pytest (>=4.3.0)", "six"]

[[package]]
name = "colorama"
version = "0.4.4"
description = "Cross-platform colored terminal text."
category = "main"
optional = false
python-versions = ">=2.7, !=3.0.*, !=3.1.*, !=3.2.*, !=3.3.*, !=3.4.*"

[[package]]
name = "dpath"
version = "1.5.0"
description = "Filesystem-like pathing and searching for dictionaries"
category = "main"
optional = false
python-versions = "*"

[[package]]
name = "more-itertools"
version = "8.7.0"
description = "More routines for operating on iterables, beyond itertools"
category = "main"
optional = false
python-versions = ">=3.5"

[[package]]
name = "numexpr"
version = "2.7.3"
description = "Fast numerical expression evaluator for NumPy"
category = "main"
optional = false
python-versions = "*"

[package.dependencies]
numpy = ">=1.7"

[[package]]
name = "numpy"
version = "1.18.5"
description = "NumPy is the fundamental package for array computing with Python."
category = "main"
optional = false
python-versions = ">=3.5"

[[package]]
name = "openfisca-core"
version = "35.3.0"
description = "A versatile microsimulation free software"
category = "main"
optional = false
python-versions = "*"

[package.dependencies]
dpath = ">=1.5.0,<2.0.0"
numexpr = ">=2.7.0,<=3.0"
numpy = ">=1.11,<1.19"
psutil = ">=5.4.7,<6.0.0"
pytest = ">=4.4.1,<6.0.0"
PyYAML = ">=3.10"
sortedcontainers = "2.2.2"

[package.extras]
dev = ["autopep8 (>=1.4.0,<1.6.0)", "flake8 (>=3.9.0,<4.0.0)", "flake8-bugbear (>=19.3.0,<20.0.0)", "flake8-print (>=3.1.0,<4.0.0)", "pytest-cov (>=2.6.1,<3.0.0)", "mypy (>=0.701,<0.800)", "openfisca-country-template (>=3.10.0,<4.0.0)", "openfisca-extension-template (>=1.2.0rc0,<2.0.0)", "werkzeug (>=1.0.0,<2.0.0)", "flask (==1.1.2)", "flask-cors (==3.0.10)", "gunicorn (>=20.0.0,<21.0.0)"]
tracker = ["openfisca-tracker (==0.4.0)"]
web-api = ["werkzeug (>=1.0.0,<2.0.0)", "flask (==1.1.2)", "flask-cors (==3.0.10)", "gunicorn (>=20.0.0,<21.0.0)"]

[[package]]
name = "openfisca-france"
version = "51.7.1"
description = "French tax and benefit system for OpenFisca"
category = "main"
optional = false
python-versions = "*"

[package.dependencies]
OpenFisca-Core = ">=35.2.0,<36.0"

[package.extras]
casd-dev = ["autopep8 (>=1.3.2)", "pytest (>=5.0.0,<7.0.0)", "requests (>=2.8)", "scipy (>=0.17)"]
de_net_a_brut = ["scipy (>=0.17)"]
dev = ["autopep8 (==1.5.4)", "flake8 (>=3.8.0,<3.10.0)", "flake8-print", "pytest (>=5.0.0,<7.0.0)", "scipy (>=0.17)", "requests (>=2.8)", "yamllint (>=1.11.1,<1.27)"]
inversion_revenus = ["scipy (>=0.17)"]
taxipp = ["pandas (>=0.13)"]

[[package]]
name = "packaging"
version = "20.9"
description = "Core utilities for Python packages"
category = "main"
optional = false
python-versions = ">=2.7, !=3.0.*, !=3.1.*, !=3.2.*, !=3.3.*"

[package.dependencies]
pyparsing = ">=2.0.2"

[[package]]
name = "pluggy"
version = "0.13.1"
description = "plugin and hook calling mechanisms for python"
category = "main"
optional = false
python-versions = ">=2.7, !=3.0.*, !=3.1.*, !=3.2.*, !=3.3.*"

[package.extras]
dev = ["pre-commit", "tox"]

[[package]]
name = "psutil"
version = "5.8.0"
description = "Cross-platform lib for process and system monitoring in Python."
category = "main"
optional = false
python-versions = ">=2.6, !=3.0.*, !=3.1.*, !=3.2.*, !=3.3.*"

[package.extras]
test = ["ipaddress", "mock", "unittest2", "enum34", "pywin32", "wmi"]

[[package]]
name = "py"
version = "1.10.0"
description = "library with cross-python path, ini-parsing, io, code, log facilities"
category = "main"
optional = false
python-versions = ">=2.7, !=3.0.*, !=3.1.*, !=3.2.*, !=3.3.*"

[[package]]
name = "pyparsing"
version = "2.4.7"
description = "Python parsing module"
category = "main"
optional = false
python-versions = ">=2.6, !=3.0.*, !=3.1.*, !=3.2.*"

[[package]]
name = "pytest"
version = "5.4.3"
description = "pytest: simple powerful testing with Python"
category = "main"
optional = false
python-versions = ">=3.5"

[package.dependencies]
atomicwrites = {version = ">=1.0", markers = "sys_platform == \"win32\""}
attrs = ">=17.4.0"
colorama = {version = "*", markers = "sys_platform == \"win32\""}
more-itertools = ">=4.0.0"
packaging = "*"
pluggy = ">=0.12,<1.0"
py = ">=1.5.0"
wcwidth = "*"

[package.extras]
checkqa-mypy = ["mypy (==v0.761)"]
testing = ["argcomplete", "hypothesis (>=3.56)", "mock", "nose", "requests", "xmlschema"]

[[package]]
name = "pyyaml"
version = "5.4.1"
description = "YAML parser and emitter for Python"
category = "main"
optional = false
python-versions = ">=2.7, !=3.0.*, !=3.1.*, !=3.2.*, !=3.3.*, !=3.4.*, !=3.5.*"

[[package]]
name = "sortedcontainers"
version = "2.2.2"
description = "Sorted Containers -- Sorted List, Sorted Dict, Sorted Set"
category = "main"
optional = false
python-versions = "*"

[[package]]
name = "wcwidth"
version = "0.2.5"
description = "Measures the displayed width of unicode strings in a terminal"
category = "main"
optional = false
python-versions = "*"

[metadata]
lock-version = "1.1"
python-versions = "^3.9"
content-hash = "0e067a8d9d21d6e0fbfb842cdbc03015f5969ede31a8e83ecc42c65f6d948e93"

[metadata.files]
atomicwrites = [
    {file = "atomicwrites-1.4.0-py2.py3-none-any.whl", hash = "sha256:6d1784dea7c0c8d4a5172b6c620f40b6e4cbfdf96d783691f2e1302a7b88e197"},
    {file = "atomicwrites-1.4.0.tar.gz", hash = "sha256:ae70396ad1a434f9c7046fd2dd196fc04b12f9e91ffb859164193be8b6168a7a"},
]
attrs = [
    {file = "attrs-20.3.0-py2.py3-none-any.whl", hash = "sha256:31b2eced602aa8423c2aea9c76a724617ed67cf9513173fd3a4f03e3a929c7e6"},
    {file = "attrs-20.3.0.tar.gz", hash = "sha256:832aa3cde19744e49938b91fea06d69ecb9e649c93ba974535d08ad92164f700"},
]
colorama = [
    {file = "colorama-0.4.4-py2.py3-none-any.whl", hash = "sha256:9f47eda37229f68eee03b24b9748937c7dc3868f906e8ba69fbcbdd3bc5dc3e2"},
    {file = "colorama-0.4.4.tar.gz", hash = "sha256:5941b2b48a20143d2267e95b1c2a7603ce057ee39fd88e7329b0c292aa16869b"},
]
dpath = [
    {file = "dpath-1.5.0.tar.gz", hash = "sha256:496615b4ea84236d18e0d286122de74869a60e0f87e2c7ec6787ff286c48361b"},
]
more-itertools = [
    {file = "more-itertools-8.7.0.tar.gz", hash = "sha256:c5d6da9ca3ff65220c3bfd2a8db06d698f05d4d2b9be57e1deb2be5a45019713"},
    {file = "more_itertools-8.7.0-py3-none-any.whl", hash = "sha256:5652a9ac72209ed7df8d9c15daf4e1aa0e3d2ccd3c87f8265a0673cd9cbc9ced"},
]
numexpr = [
    {file = "numexpr-2.7.3-cp27-cp27m-macosx_10_9_x86_64.whl", hash = "sha256:74df157ab4577bfc83c14f4e39d14781b06ade5406d3efef049f90c88d8c28ea"},
    {file = "numexpr-2.7.3-cp27-cp27m-manylinux1_x86_64.whl", hash = "sha256:99472731bc1111f5d73285dd2a4c228b5bfb176f785a567872e0fbfec6584f2b"},
    {file = "numexpr-2.7.3-cp27-cp27m-manylinux2010_x86_64.whl", hash = "sha256:24cdb8c0e93f31387a4c2ddd09a687874c006e6139fd68bcf77b96e51d17cb01"},
    {file = "numexpr-2.7.3-cp27-cp27m-win32.whl", hash = "sha256:c9218aeb76717768f617362b72a87e9219da95ba7cdec0732ccecc4a4719124c"},
    {file = "numexpr-2.7.3-cp27-cp27m-win_amd64.whl", hash = "sha256:97753d17d1ea39e082b1907b99b6cb63cac7d1dfa512d2ff5079eb7bfab1ea88"},
    {file = "numexpr-2.7.3-cp27-cp27mu-manylinux1_x86_64.whl", hash = "sha256:0732c9989bff8568ee78fa461f3698166d4ac79363860be22ff49eae1dcd15e7"},
    {file = "numexpr-2.7.3-cp27-cp27mu-manylinux2010_x86_64.whl", hash = "sha256:c978c49bd9dded6a4ba6b3501e3a34e3aba9312cbb7d800bed7ac6fcd2d5949d"},
    {file = "numexpr-2.7.3-cp35-cp35m-macosx_10_9_x86_64.whl", hash = "sha256:602df9b5c500d0a887dc96b4cfd16fb60ae7ef39ccd6f013f4df2ee11ae70553"},
    {file = "numexpr-2.7.3-cp35-cp35m-manylinux1_x86_64.whl", hash = "sha256:f9df0a74d39616fd011071c5850418f244bac414f24ed55c00dcf3c5385e8374"},
    {file = "numexpr-2.7.3-cp35-cp35m-manylinux2010_x86_64.whl", hash = "sha256:eeeb6325df6cf3f3ab7d9dbabf3bc03ac88b7e2f2aed21419c31e23c3048dce1"},
    {file = "numexpr-2.7.3-cp35-cp35m-manylinux2014_aarch64.whl", hash = "sha256:5223a519f48754dd350723d9fbcadbcd0476881bc954a281a09a6538ecabfc27"},
    {file = "numexpr-2.7.3-cp35-cp35m-win32.whl", hash = "sha256:785065819ce98e3d3dd853794244e0de190d7ba36ab42c8fd79e0e9cd40de7af"},
    {file = "numexpr-2.7.3-cp35-cp35m-win_amd64.whl", hash = "sha256:23718ac5f2ebae995f5899509624781b375da568f2b645b5d1fd6dbb17f41a56"},
    {file = "numexpr-2.7.3-cp36-cp36m-macosx_10_9_x86_64.whl", hash = "sha256:3daa55515ee3cb40bf5ab8263c0c13fff8d484d64d107a9c414e8ca151dc08a6"},
    {file = "numexpr-2.7.3-cp36-cp36m-manylinux1_x86_64.whl", hash = "sha256:a3f1cec8657bd3920869a2ea27f98d68ac3000334f366d844a9670ae671fe4bd"},
    {file = "numexpr-2.7.3-cp36-cp36m-manylinux2010_x86_64.whl", hash = "sha256:d423441593a952ac56d1f774068b81fb22f514fb68873c066578345a6af74c0d"},
    {file = "numexpr-2.7.3-cp36-cp36m-manylinux2014_aarch64.whl", hash = "sha256:90ea6d5813e1906bb203ef220a600b30d83e75aea2607a7e7037cceae9e93346"},
    {file = "numexpr-2.7.3-cp36-cp36m-win32.whl", hash = "sha256:8b76bcca930cbf0db0fe98b6a51d6286dff77d525dad670cb7750e29a138d434"},
    {file = "numexpr-2.7.3-cp36-cp36m-win_amd64.whl", hash = "sha256:833a363c86266424349467b53f4060f77aaa7ec03c1e6f38c54e69c65ceebf30"},
    {file = "numexpr-2.7.3-cp37-cp37m-macosx_10_9_x86_64.whl", hash = "sha256:618259287b8b81a352a7d088ad03fe3b393a842ccb45f0b3cfc6a712d41b7595"},
    {file = "numexpr-2.7.3-cp37-cp37m-manylinux1_x86_64.whl", hash = "sha256:51277a530a353e0f94665b44615249d7e7075f0c73f78d4743da632fc44bc648"},
    {file = "numexpr-2.7.3-cp37-cp37m-manylinux2010_x86_64.whl", hash = "sha256:5f4122bd58aa4e4891814c2f72bd47b1cdb202c9d863ea96c5394dffb72a16e2"},
    {file = "numexpr-2.7.3-cp37-cp37m-manylinux2014_aarch64.whl", hash = "sha256:b0a9124a66a61b05ea84b832358d6aa5561c30e69b4dcaea819b296f4f025f89"},
    {file = "numexpr-2.7.3-cp37-cp37m-win32.whl", hash = "sha256:e985026e64350dd59fd91a09bc364edf706d58b12e01362ddfa63829878bd434"},
    {file = "numexpr-2.7.3-cp37-cp37m-win_amd64.whl", hash = "sha256:e000570a6a704c594832ff4fc45f18864b721b7b444a185b365dbb03d3fe3abb"},
    {file = "numexpr-2.7.3-cp38-cp38-macosx_10_9_x86_64.whl", hash = "sha256:4527a0a7b04f858a73c348c9c4ce8441b7a54965db74a32ba808c51d9d53b7cd"},
    {file = "numexpr-2.7.3-cp38-cp38-manylinux1_x86_64.whl", hash = "sha256:dc707486b1f3dda18a39bc4d06a0a09d3c0ea47bd6b99fdb98adb26d1277253f"},
    {file = "numexpr-2.7.3-cp38-cp38-manylinux2010_x86_64.whl", hash = "sha256:5d6dbf050a9b8ebff0b7706ebeaf1cd57d64ef4dfe61aef3790851b481daf6b5"},
    {file = "numexpr-2.7.3-cp38-cp38-manylinux2014_aarch64.whl", hash = "sha256:aae4ce158da53ebc47df053de90fed9d0d51fa0df8cc481abc8a901ea4f0cec7"},
    {file = "numexpr-2.7.3-cp38-cp38-win32.whl", hash = "sha256:dfdca3d1f4c83fa8fd3ee7573110efd13e838543896641b89367622ec6a67eb4"},
    {file = "numexpr-2.7.3-cp38-cp38-win_amd64.whl", hash = "sha256:d14ae09318ad86579e35aacf1596c83d5db1139cd68615967ee23605e11f5d82"},
    {file = "numexpr-2.7.3-cp39-cp39-macosx_10_9_x86_64.whl", hash = "sha256:a8e0e48d72391543b68d0471fac2e31c614efdce4036e2a0a8a182fde1edb0e0"},
    {file = "numexpr-2.7.3-cp39-cp39-manylinux1_x86_64.whl", hash = "sha256:05b97b19e864a5d1a0b106933b1637233a2444fd375685bead264a818f847ef2"},
    {file = "numexpr-2.7.3-cp39-cp39-manylinux2010_x86_64.whl", hash = "sha256:7ab40e2b438f4ea2ea8234c63639cdf5072cdb29d0ac521307854efe0281a567"},
    {file = "numexpr-2.7.3-cp39-cp39-manylinux2014_aarch64.whl", hash = "sha256:8fc23a49f4266c24a23310c0cb92ff54c4b4f535635f90372b3a2d5cb1f83329"},
    {file = "numexpr-2.7.3-cp39-cp39-win32.whl", hash = "sha256:2e14b44a79030fbe25f16393162a4d21ced14056fac49ff73856f661a78db731"},
    {file = "numexpr-2.7.3-cp39-cp39-win_amd64.whl", hash = "sha256:c2605e5665b0d7362e0d2b92683387c12e15c7440daf702a7637f7502a967810"},
    {file = "numexpr-2.7.3.tar.gz", hash = "sha256:43616529f9b7d1afc83386f943dc66c4da5e052f00217ba7e3ad8dd1b5f3a825"},
]
numpy = [
    {file = "numpy-1.18.5-cp35-cp35m-macosx_10_9_intel.whl", hash = "sha256:e91d31b34fc7c2c8f756b4e902f901f856ae53a93399368d9a0dc7be17ed2ca0"},
    {file = "numpy-1.18.5-cp35-cp35m-manylinux1_i686.whl", hash = "sha256:7d42ab8cedd175b5ebcb39b5208b25ba104842489ed59fbb29356f671ac93583"},
    {file = "numpy-1.18.5-cp35-cp35m-manylinux1_x86_64.whl", hash = "sha256:a78e438db8ec26d5d9d0e584b27ef25c7afa5a182d1bf4d05e313d2d6d515271"},
    {file = "numpy-1.18.5-cp35-cp35m-win32.whl", hash = "sha256:a87f59508c2b7ceb8631c20630118cc546f1f815e034193dc72390db038a5cb3"},
    {file = "numpy-1.18.5-cp35-cp35m-win_amd64.whl", hash = "sha256:965df25449305092b23d5145b9bdaeb0149b6e41a77a7d728b1644b3c99277c1"},
    {file = "numpy-1.18.5-cp36-cp36m-macosx_10_9_x86_64.whl", hash = "sha256:ac792b385d81151bae2a5a8adb2b88261ceb4976dbfaaad9ce3a200e036753dc"},
    {file = "numpy-1.18.5-cp36-cp36m-manylinux1_i686.whl", hash = "sha256:ef627986941b5edd1ed74ba89ca43196ed197f1a206a3f18cc9faf2fb84fd675"},
    {file = "numpy-1.18.5-cp36-cp36m-manylinux1_x86_64.whl", hash = "sha256:f718a7949d1c4f622ff548c572e0c03440b49b9531ff00e4ed5738b459f011e8"},
    {file = "numpy-1.18.5-cp36-cp36m-win32.whl", hash = "sha256:4064f53d4cce69e9ac613256dc2162e56f20a4e2d2086b1956dd2fcf77b7fac5"},
    {file = "numpy-1.18.5-cp36-cp36m-win_amd64.whl", hash = "sha256:b03b2c0badeb606d1232e5f78852c102c0a7989d3a534b3129e7856a52f3d161"},
    {file = "numpy-1.18.5-cp37-cp37m-macosx_10_9_x86_64.whl", hash = "sha256:a7acefddf994af1aeba05bbbafe4ba983a187079f125146dc5859e6d817df824"},
    {file = "numpy-1.18.5-cp37-cp37m-manylinux1_i686.whl", hash = "sha256:cd49930af1d1e49a812d987c2620ee63965b619257bd76eaaa95870ca08837cf"},
    {file = "numpy-1.18.5-cp37-cp37m-manylinux1_x86_64.whl", hash = "sha256:b39321f1a74d1f9183bf1638a745b4fd6fe80efbb1f6b32b932a588b4bc7695f"},
    {file = "numpy-1.18.5-cp37-cp37m-win32.whl", hash = "sha256:cae14a01a159b1ed91a324722d746523ec757357260c6804d11d6147a9e53e3f"},
    {file = "numpy-1.18.5-cp37-cp37m-win_amd64.whl", hash = "sha256:0172304e7d8d40e9e49553901903dc5f5a49a703363ed756796f5808a06fc233"},
    {file = "numpy-1.18.5-cp38-cp38-macosx_10_9_x86_64.whl", hash = "sha256:e15b382603c58f24265c9c931c9a45eebf44fe2e6b4eaedbb0d025ab3255228b"},
    {file = "numpy-1.18.5-cp38-cp38-manylinux1_i686.whl", hash = "sha256:3676abe3d621fc467c4c1469ee11e395c82b2d6b5463a9454e37fe9da07cd0d7"},
    {file = "numpy-1.18.5-cp38-cp38-manylinux1_x86_64.whl", hash = "sha256:4674f7d27a6c1c52a4d1aa5f0881f1eff840d2206989bae6acb1c7668c02ebfb"},
    {file = "numpy-1.18.5-cp38-cp38-win32.whl", hash = "sha256:9c9d6531bc1886454f44aa8f809268bc481295cf9740827254f53c30104f074a"},
    {file = "numpy-1.18.5-cp38-cp38-win_amd64.whl", hash = "sha256:3dd6823d3e04b5f223e3e265b4a1eae15f104f4366edd409e5a5e413a98f911f"},
    {file = "numpy-1.18.5.zip", hash = "sha256:34e96e9dae65c4839bd80012023aadd6ee2ccb73ce7fdf3074c62f301e63120b"},
]
openfisca-core = [
    {file = "OpenFisca_Core-35.3.0-py3-none-any.whl", hash = "sha256:3808c9b266b90aa9c3a156df047b99197d52cfa96961f2ff4496118d6ed0a9ad"},
]
openfisca-france = [
    {file = "OpenFisca_France-51.7.1-py3-none-any.whl", hash = "sha256:049bf58172cc280d5408e774ae9c644057185787ec9cdbd391d66a38277b2e1f"},
]
packaging = [
    {file = "packaging-20.9-py2.py3-none-any.whl", hash = "sha256:67714da7f7bc052e064859c05c595155bd1ee9f69f76557e21f051443c20947a"},
    {file = "packaging-20.9.tar.gz", hash = "sha256:5b327ac1320dc863dca72f4514ecc086f31186744b84a230374cc1fd776feae5"},
]
pluggy = [
    {file = "pluggy-0.13.1-py2.py3-none-any.whl", hash = "sha256:966c145cd83c96502c3c3868f50408687b38434af77734af1e9ca461a4081d2d"},
    {file = "pluggy-0.13.1.tar.gz", hash = "sha256:15b2acde666561e1298d71b523007ed7364de07029219b604cf808bfa1c765b0"},
]
psutil = [
    {file = "psutil-5.8.0-cp27-cp27m-macosx_10_9_x86_64.whl", hash = "sha256:0066a82f7b1b37d334e68697faba68e5ad5e858279fd6351c8ca6024e8d6ba64"},
    {file = "psutil-5.8.0-cp27-cp27m-manylinux2010_i686.whl", hash = "sha256:0ae6f386d8d297177fd288be6e8d1afc05966878704dad9847719650e44fc49c"},
    {file = "psutil-5.8.0-cp27-cp27m-manylinux2010_x86_64.whl", hash = "sha256:12d844996d6c2b1d3881cfa6fa201fd635971869a9da945cf6756105af73d2df"},
    {file = "psutil-5.8.0-cp27-cp27mu-manylinux2010_i686.whl", hash = "sha256:02b8292609b1f7fcb34173b25e48d0da8667bc85f81d7476584d889c6e0f2131"},
    {file = "psutil-5.8.0-cp27-cp27mu-manylinux2010_x86_64.whl", hash = "sha256:6ffe81843131ee0ffa02c317186ed1e759a145267d54fdef1bc4ea5f5931ab60"},
    {file = "psutil-5.8.0-cp27-none-win32.whl", hash = "sha256:ea313bb02e5e25224e518e4352af4bf5e062755160f77e4b1767dd5ccb65f876"},
    {file = "psutil-5.8.0-cp27-none-win_amd64.whl", hash = "sha256:5da29e394bdedd9144c7331192e20c1f79283fb03b06e6abd3a8ae45ffecee65"},
    {file = "psutil-5.8.0-cp36-cp36m-macosx_10_9_x86_64.whl", hash = "sha256:74fb2557d1430fff18ff0d72613c5ca30c45cdbfcddd6a5773e9fc1fe9364be8"},
    {file = "psutil-5.8.0-cp36-cp36m-manylinux2010_i686.whl", hash = "sha256:74f2d0be88db96ada78756cb3a3e1b107ce8ab79f65aa885f76d7664e56928f6"},
    {file = "psutil-5.8.0-cp36-cp36m-manylinux2010_x86_64.whl", hash = "sha256:99de3e8739258b3c3e8669cb9757c9a861b2a25ad0955f8e53ac662d66de61ac"},
    {file = "psutil-5.8.0-cp36-cp36m-win32.whl", hash = "sha256:36b3b6c9e2a34b7d7fbae330a85bf72c30b1c827a4366a07443fc4b6270449e2"},
    {file = "psutil-5.8.0-cp36-cp36m-win_amd64.whl", hash = "sha256:52de075468cd394ac98c66f9ca33b2f54ae1d9bff1ef6b67a212ee8f639ec06d"},
    {file = "psutil-5.8.0-cp37-cp37m-macosx_10_9_x86_64.whl", hash = "sha256:c6a5fd10ce6b6344e616cf01cc5b849fa8103fbb5ba507b6b2dee4c11e84c935"},
    {file = "psutil-5.8.0-cp37-cp37m-manylinux2010_i686.whl", hash = "sha256:61f05864b42fedc0771d6d8e49c35f07efd209ade09a5afe6a5059e7bb7bf83d"},
    {file = "psutil-5.8.0-cp37-cp37m-manylinux2010_x86_64.whl", hash = "sha256:0dd4465a039d343925cdc29023bb6960ccf4e74a65ad53e768403746a9207023"},
    {file = "psutil-5.8.0-cp37-cp37m-win32.whl", hash = "sha256:1bff0d07e76114ec24ee32e7f7f8d0c4b0514b3fae93e3d2aaafd65d22502394"},
    {file = "psutil-5.8.0-cp37-cp37m-win_amd64.whl", hash = "sha256:fcc01e900c1d7bee2a37e5d6e4f9194760a93597c97fee89c4ae51701de03563"},
    {file = "psutil-5.8.0-cp38-cp38-macosx_10_9_x86_64.whl", hash = "sha256:6223d07a1ae93f86451d0198a0c361032c4c93ebd4bf6d25e2fb3edfad9571ef"},
    {file = "psutil-5.8.0-cp38-cp38-manylinux2010_i686.whl", hash = "sha256:d225cd8319aa1d3c85bf195c4e07d17d3cd68636b8fc97e6cf198f782f99af28"},
    {file = "psutil-5.8.0-cp38-cp38-manylinux2010_x86_64.whl", hash = "sha256:28ff7c95293ae74bf1ca1a79e8805fcde005c18a122ca983abf676ea3466362b"},
    {file = "psutil-5.8.0-cp38-cp38-win32.whl", hash = "sha256:ce8b867423291cb65cfc6d9c4955ee9bfc1e21fe03bb50e177f2b957f1c2469d"},
    {file = "psutil-5.8.0-cp38-cp38-win_amd64.whl", hash = "sha256:90f31c34d25b1b3ed6c40cdd34ff122b1887a825297c017e4cbd6796dd8b672d"},
    {file = "psutil-5.8.0-cp39-cp39-macosx_10_9_x86_64.whl", hash = "sha256:6323d5d845c2785efb20aded4726636546b26d3b577aded22492908f7c1bdda7"},
    {file = "psutil-5.8.0-cp39-cp39-manylinux2010_i686.whl", hash = "sha256:245b5509968ac0bd179287d91210cd3f37add77dad385ef238b275bad35fa1c4"},
    {file = "psutil-5.8.0-cp39-cp39-manylinux2010_x86_64.whl", hash = "sha256:90d4091c2d30ddd0a03e0b97e6a33a48628469b99585e2ad6bf21f17423b112b"},
    {file = "psutil-5.8.0-cp39-cp39-win32.whl", hash = "sha256:ea372bcc129394485824ae3e3ddabe67dc0b118d262c568b4d2602a7070afdb0"},
    {file = "psutil-5.8.0-cp39-cp39-win_amd64.whl", hash = "sha256:f4634b033faf0d968bb9220dd1c793b897ab7f1189956e1aa9eae752527127d3"},
    {file = "psutil-5.8.0.tar.gz", hash = "sha256:0c9ccb99ab76025f2f0bbecf341d4656e9c1351db8cc8a03ccd62e318ab4b5c6"},
]
py = [
    {file = "py-1.10.0-py2.py3-none-any.whl", hash = "sha256:3b80836aa6d1feeaa108e046da6423ab8f6ceda6468545ae8d02d9d58d18818a"},
    {file = "py-1.10.0.tar.gz", hash = "sha256:21b81bda15b66ef5e1a777a21c4dcd9c20ad3efd0b3f817e7a809035269e1bd3"},
]
pyparsing = [
    {file = "pyparsing-2.4.7-py2.py3-none-any.whl", hash = "sha256:ef9d7589ef3c200abe66653d3f1ab1033c3c419ae9b9bdb1240a85b024efc88b"},
    {file = "pyparsing-2.4.7.tar.gz", hash = "sha256:c203ec8783bf771a155b207279b9bccb8dea02d8f0c9e5f8ead507bc3246ecc1"},
]
pytest = [
    {file = "pytest-5.4.3-py3-none-any.whl", hash = "sha256:5c0db86b698e8f170ba4582a492248919255fcd4c79b1ee64ace34301fb589a1"},
    {file = "pytest-5.4.3.tar.gz", hash = "sha256:7979331bfcba207414f5e1263b5a0f8f521d0f457318836a7355531ed1a4c7d8"},
]
pyyaml = [
    {file = "PyYAML-5.4.1-cp27-cp27m-macosx_10_9_x86_64.whl", hash = "sha256:3b2b1824fe7112845700f815ff6a489360226a5609b96ec2190a45e62a9fc922"},
    {file = "PyYAML-5.4.1-cp27-cp27m-win32.whl", hash = "sha256:129def1b7c1bf22faffd67b8f3724645203b79d8f4cc81f674654d9902cb4393"},
    {file = "PyYAML-5.4.1-cp27-cp27m-win_amd64.whl", hash = "sha256:4465124ef1b18d9ace298060f4eccc64b0850899ac4ac53294547536533800c8"},
    {file = "PyYAML-5.4.1-cp27-cp27mu-manylinux1_x86_64.whl", hash = "sha256:bb4191dfc9306777bc594117aee052446b3fa88737cd13b7188d0e7aa8162185"},
    {file = "PyYAML-5.4.1-cp36-cp36m-macosx_10_9_x86_64.whl", hash = "sha256:6c78645d400265a062508ae399b60b8c167bf003db364ecb26dcab2bda048253"},
    {file = "PyYAML-5.4.1-cp36-cp36m-manylinux1_x86_64.whl", hash = "sha256:4e0583d24c881e14342eaf4ec5fbc97f934b999a6828693a99157fde912540cc"},
    {file = "PyYAML-5.4.1-cp36-cp36m-manylinux2014_aarch64.whl", hash = "sha256:72a01f726a9c7851ca9bfad6fd09ca4e090a023c00945ea05ba1638c09dc3347"},
    {file = "PyYAML-5.4.1-cp36-cp36m-manylinux2014_s390x.whl", hash = "sha256:895f61ef02e8fed38159bb70f7e100e00f471eae2bc838cd0f4ebb21e28f8541"},
    {file = "PyYAML-5.4.1-cp36-cp36m-win32.whl", hash = "sha256:3bd0e463264cf257d1ffd2e40223b197271046d09dadf73a0fe82b9c1fc385a5"},
    {file = "PyYAML-5.4.1-cp36-cp36m-win_amd64.whl", hash = "sha256:e4fac90784481d221a8e4b1162afa7c47ed953be40d31ab4629ae917510051df"},
    {file = "PyYAML-5.4.1-cp37-cp37m-macosx_10_9_x86_64.whl", hash = "sha256:5accb17103e43963b80e6f837831f38d314a0495500067cb25afab2e8d7a4018"},
    {file = "PyYAML-5.4.1-cp37-cp37m-manylinux1_x86_64.whl", hash = "sha256:e1d4970ea66be07ae37a3c2e48b5ec63f7ba6804bdddfdbd3cfd954d25a82e63"},
    {file = "PyYAML-5.4.1-cp37-cp37m-manylinux2014_aarch64.whl", hash = "sha256:cb333c16912324fd5f769fff6bc5de372e9e7a202247b48870bc251ed40239aa"},
    {file = "PyYAML-5.4.1-cp37-cp37m-manylinux2014_s390x.whl", hash = "sha256:fe69978f3f768926cfa37b867e3843918e012cf83f680806599ddce33c2c68b0"},
    {file = "PyYAML-5.4.1-cp37-cp37m-win32.whl", hash = "sha256:dd5de0646207f053eb0d6c74ae45ba98c3395a571a2891858e87df7c9b9bd51b"},
    {file = "PyYAML-5.4.1-cp37-cp37m-win_amd64.whl", hash = "sha256:08682f6b72c722394747bddaf0aa62277e02557c0fd1c42cb853016a38f8dedf"},
    {file = "PyYAML-5.4.1-cp38-cp38-macosx_10_9_x86_64.whl", hash = "sha256:d2d9808ea7b4af864f35ea216be506ecec180628aced0704e34aca0b040ffe46"},
    {file = "PyYAML-5.4.1-cp38-cp38-manylinux1_x86_64.whl", hash = "sha256:8c1be557ee92a20f184922c7b6424e8ab6691788e6d86137c5d93c1a6ec1b8fb"},
    {file = "PyYAML-5.4.1-cp38-cp38-manylinux2014_aarch64.whl", hash = "sha256:fd7f6999a8070df521b6384004ef42833b9bd62cfee11a09bda1079b4b704247"},
    {file = "PyYAML-5.4.1-cp38-cp38-manylinux2014_s390x.whl", hash = "sha256:bfb51918d4ff3d77c1c856a9699f8492c612cde32fd3bcd344af9be34999bfdc"},
    {file = "PyYAML-5.4.1-cp38-cp38-win32.whl", hash = "sha256:fa5ae20527d8e831e8230cbffd9f8fe952815b2b7dae6ffec25318803a7528fc"},
    {file = "PyYAML-5.4.1-cp38-cp38-win_amd64.whl", hash = "sha256:0f5f5786c0e09baddcd8b4b45f20a7b5d61a7e7e99846e3c799b05c7c53fa696"},
    {file = "PyYAML-5.4.1-cp39-cp39-macosx_10_9_x86_64.whl", hash = "sha256:294db365efa064d00b8d1ef65d8ea2c3426ac366c0c4368d930bf1c5fb497f77"},
    {file = "PyYAML-5.4.1-cp39-cp39-manylinux1_x86_64.whl", hash = "sha256:74c1485f7707cf707a7aef42ef6322b8f97921bd89be2ab6317fd782c2d53183"},
    {file = "PyYAML-5.4.1-cp39-cp39-manylinux2014_aarch64.whl", hash = "sha256:d483ad4e639292c90170eb6f7783ad19490e7a8defb3e46f97dfe4bacae89122"},
    {file = "PyYAML-5.4.1-cp39-cp39-manylinux2014_s390x.whl", hash = "sha256:fdc842473cd33f45ff6bce46aea678a54e3d21f1b61a7750ce3c498eedfe25d6"},
    {file = "PyYAML-5.4.1-cp39-cp39-win32.whl", hash = "sha256:49d4cdd9065b9b6e206d0595fee27a96b5dd22618e7520c33204a4a3239d5b10"},
    {file = "PyYAML-5.4.1-cp39-cp39-win_amd64.whl", hash = "sha256:c20cfa2d49991c8b4147af39859b167664f2ad4561704ee74c1de03318e898db"},
    {file = "PyYAML-5.4.1.tar.gz", hash = "sha256:607774cbba28732bfa802b54baa7484215f530991055bb562efbed5b2f20a45e"},
]
sortedcontainers = [
    {file = "sortedcontainers-2.2.2-py2.py3-none-any.whl", hash = "sha256:c633ebde8580f241f274c1f8994a665c0e54a17724fecd0cae2f079e09c36d3f"},
    {file = "sortedcontainers-2.2.2.tar.gz", hash = "sha256:4e73a757831fc3ca4de2859c422564239a31d8213d09a2a666e375807034d2ba"},
]
wcwidth = [
    {file = "wcwidth-0.2.5-py2.py3-none-any.whl", hash = "sha256:beb4802a9cebb9144e99086eff703a642a13d6a0052920003a230f3294bbe784"},
    {file = "wcwidth-0.2.5.tar.gz", hash = "sha256:c4d647b99872929fdb7bdcaa4fbe7f01413ed3d98077df798530e5b04f116c83"},
]
